
Microsoft Visual Studio Solution File, Format Version 12.00
# Visual Studio Version 17
VisualStudioVersion = 17.7.34031.279
MinimumVisualStudioVersion = 10.0.40219.1
Project("{8BC9CEB8-8B4A-11D0-8D11-00A0C91BC942}") = "Week1", "cpp_start_from_bottom\cpp_start_from_bottom.vcxproj", "{298E1C15-2DC3-49F4-A61B-0D9434149588}"
EndProject
Project("{8BC9CEB8-8B4A-11D0-8D11-00A0C91BC942}") = "Week2", "Week2\Week2.vcxproj", "{973913B2-6FED-4A3E-B104-E89792EBFB98}"
EndProject
Project("{8BC9CEB8-8B4A-11D0-8D11-00A0C91BC942}") = "Week3", "Week3\Week3.vcxproj", "{92501E84-AFE3-4EB5-A06D-115D8160404C}"
EndProject
Project("{8BC9CEB8-8B4A-11D0-8D11-00A0C91BC942}") = "Week4", "Week4\Week4.vcxproj", "{194983EB-2D28-4AE9-9075-CCF443913393}"
EndProject
Project("{8BC9CEB8-8B4A-11D0-8D11-00A0C91BC942}") = "Week5", "Week5\Week5.vcxproj", "{EE9E4458-BE5A-4FB5-BEFF-63CB444FB0BD}"
EndProject
Project("{8BC9CEB8-8B4A-11D0-8D11-00A0C91BC942}") = "Week6", "Week6\Week6.vcxproj", "{C561D3F9-A7B6-46B0-A200-7CC9442938BC}"
EndProject
Project("{8BC9CEB8-8B4A-11D0-8D11-00A0C91BC942}") = "Week7", "Week7\Week7.vcxproj", "{3FF289EB-262E-4A76-991C-4F11A2175BA4}"
EndProject
Project("{8BC9CEB8-8B4A-11D0-8D11-00A0C91BC942}") = "Week8", "Week8\Week8.vcxproj", "{B9BD70FB-6EF2-4A53-A69C-C4DE595802AD}"
EndProject
Project("{8BC9CEB8-8B4A-11D0-8D11-00A0C91BC942}") = "Week9", "Week9\Week9.vcxproj", "{9375AC7C-C712-4169-9CB7-8467479F0C14}"
EndProject
Project("{8BC9CEB8-8B4A-11D0-8D11-00A0C91BC942}") = "Week10", "Week10\Week10.vcxproj", "{66670816-D5D8-45E2-8911-3A839B5C7132}"
EndProject
Project("{8BC9CEB8-8B4A-11D0-8D11-00A0C91BC942}") = "Week11", "Week11\Week11.vcxproj", "{63864118-1C60-4D13-89A0-F23D56FAD64E}"
EndProject
Project("{8BC9CEB8-8B4A-11D0-8D11-00A0C91BC942}") = "Week12", "Week12\Week12.vcxproj", "{EED0504C-DB31-49D2-B1D5-1B0536245CD2}"
EndProject
Global
	GlobalSection(SolutionConfigurationPlatforms) = preSolution
		Debug|x64 = Debug|x64
		Debug|x86 = Debug|x86
		Release|x64 = Release|x64
		Release|x86 = Release|x86
	EndGlobalSection
	GlobalSection(ProjectConfigurationPlatforms) = postSolution
		{298E1C15-2DC3-49F4-A61B-0D9434149588}.Debug|x64.ActiveCfg = Debug|x64
		{298E1C15-2DC3-49F4-A61B-0D9434149588}.Debug|x64.Build.0 = Debug|x64
		{298E1C15-2DC3-49F4-A61B-0D9434149588}.Debug|x86.ActiveCfg = Debug|Win32
		{298E1C15-2DC3-49F4-A61B-0D9434149588}.Debug|x86.Build.0 = Debug|Win32
		{298E1C15-2DC3-49F4-A61B-0D9434149588}.Release|x64.ActiveCfg = Release|x64
		{298E1C15-2DC3-49F4-A61B-0D9434149588}.Release|x64.Build.0 = Release|x64
		{298E1C15-2DC3-49F4-A61B-0D9434149588}.Release|x86.ActiveCfg = Release|Win32
		{298E1C15-2DC3-49F4-A61B-0D9434149588}.Release|x86.Build.0 = Release|Win32
		{973913B2-6FED-4A3E-B104-E89792EBFB98}.Debug|x64.ActiveCfg = Debug|x64
		{973913B2-6FED-4A3E-B104-E89792EBFB98}.Debug|x64.Build.0 = Debug|x64
		{973913B2-6FED-4A3E-B104-E89792EBFB98}.Debug|x86.ActiveCfg = Debug|Win32
		{973913B2-6FED-4A3E-B104-E89792EBFB98}.Debug|x86.Build.0 = Debug|Win32
		{973913B2-6FED-4A3E-B104-E89792EBFB98}.Release|x64.ActiveCfg = Release|x64
		{973913B2-6FED-4A3E-B104-E89792EBFB98}.Release|x64.Build.0 = Release|x64
		{973913B2-6FED-4A3E-B104-E89792EBFB98}.Release|x86.ActiveCfg = Release|Win32
		{973913B2-6FED-4A3E-B104-E89792EBFB98}.Release|x86.Build.0 = Release|Win32
		{92501E84-AFE3-4EB5-A06D-115D8160404C}.Debug|x64.ActiveCfg = Debug|x64
		{92501E84-AFE3-4EB5-A06D-115D8160404C}.Debug|x64.Build.0 = Debug|x64
		{92501E84-AFE3-4EB5-A06D-115D8160404C}.Debug|x86.ActiveCfg = Debug|Win32
		{92501E84-AFE3-4EB5-A06D-115D8160404C}.Debug|x86.Build.0 = Debug|Win32
		{92501E84-AFE3-4EB5-A06D-115D8160404C}.Release|x64.ActiveCfg = Release|x64
		{92501E84-AFE3-4EB5-A06D-115D8160404C}.Release|x64.Build.0 = Release|x64
		{92501E84-AFE3-4EB5-A06D-115D8160404C}.Release|x86.ActiveCfg = Release|Win32
		{92501E84-AFE3-4EB5-A06D-115D8160404C}.Release|x86.Build.0 = Release|Win32
		{194983EB-2D28-4AE9-9075-CCF443913393}.Debug|x64.ActiveCfg = Debug|x64
		{194983EB-2D28-4AE9-9075-CCF443913393}.Debug|x64.Build.0 = Debug|x64
		{194983EB-2D28-4AE9-9075-CCF443913393}.Debug|x86.ActiveCfg = Debug|Win32
		{194983EB-2D28-4AE9-9075-CCF443913393}.Debug|x86.Build.0 = Debug|Win32
		{194983EB-2D28-4AE9-9075-CCF443913393}.Release|x64.ActiveCfg = Release|x64
		{194983EB-2D28-4AE9-9075-CCF443913393}.Release|x64.Build.0 = Release|x64
		{194983EB-2D28-4AE9-9075-CCF443913393}.Release|x86.ActiveCfg = Release|Win32
		{194983EB-2D28-4AE9-9075-CCF443913393}.Release|x86.Build.0 = Release|Win32
		{EE9E4458-BE5A-4FB5-BEFF-63CB444FB0BD}.Debug|x64.ActiveCfg = Debug|x64
		{EE9E4458-BE5A-4FB5-BEFF-63CB444FB0BD}.Debug|x64.Build.0 = Debug|x64
		{EE9E4458-BE5A-4FB5-BEFF-63CB444FB0BD}.Debug|x86.ActiveCfg = Debug|Win32
		{EE9E4458-BE5A-4FB5-BEFF-63CB444FB0BD}.Debug|x86.Build.0 = Debug|Win32
		{EE9E4458-BE5A-4FB5-BEFF-63CB444FB0BD}.Release|x64.ActiveCfg = Release|x64
		{EE9E4458-BE5A-4FB5-BEFF-63CB444FB0BD}.Release|x64.Build.0 = Release|x64
		{EE9E4458-BE5A-4FB5-BEFF-63CB444FB0BD}.Release|x86.ActiveCfg = Release|Win32
		{EE9E4458-BE5A-4FB5-BEFF-63CB444FB0BD}.Release|x86.Build.0 = Release|Win32
		{C561D3F9-A7B6-46B0-A200-7CC9442938BC}.Debug|x64.ActiveCfg = Debug|x64
		{C561D3F9-A7B6-46B0-A200-7CC9442938BC}.Debug|x64.Build.0 = Debug|x64
		{C561D3F9-A7B6-46B0-A200-7CC9442938BC}.Debug|x86.ActiveCfg = Debug|Win32
		{C561D3F9-A7B6-46B0-A200-7CC9442938BC}.Debug|x86.Build.0 = Debug|Win32
		{C561D3F9-A7B6-46B0-A200-7CC9442938BC}.Release|x64.ActiveCfg = Release|x64
		{C561D3F9-A7B6-46B0-A200-7CC9442938BC}.Release|x64.Build.0 = Release|x64
		{C561D3F9-A7B6-46B0-A200-7CC9442938BC}.Release|x86.ActiveCfg = Release|Win32
		{C561D3F9-A7B6-46B0-A200-7CC9442938BC}.Release|x86.Build.0 = Release|Win32
		{3FF289EB-262E-4A76-991C-4F11A2175BA4}.Debug|x64.ActiveCfg = Debug|x64
		{3FF289EB-262E-4A76-991C-4F11A2175BA4}.Debug|x64.Build.0 = Debug|x64
		{3FF289EB-262E-4A76-991C-4F11A2175BA4}.Debug|x86.ActiveCfg = Debug|Win32
		{3FF289EB-262E-4A76-991C-4F11A2175BA4}.Debug|x86.Build.0 = Debug|Win32
		{3FF289EB-262E-4A76-991C-4F11A2175BA4}.Release|x64.ActiveCfg = Release|x64
		{3FF289EB-262E-4A76-991C-4F11A2175BA4}.Release|x64.Build.0 = Release|x64
		{3FF289EB-262E-4A76-991C-4F11A2175BA4}.Release|x86.ActiveCfg = Release|Win32
		{3FF289EB-262E-4A76-991C-4F11A2175BA4}.Release|x86.Build.0 = Release|Win32
		{B9BD70FB-6EF2-4A53-A69C-C4DE595802AD}.Debug|x64.ActiveCfg = Debug|x64
		{B9BD70FB-6EF2-4A53-A69C-C4DE595802AD}.Debug|x64.Build.0 = Debug|x64
		{B9BD70FB-6EF2-4A53-A69C-C4DE595802AD}.Debug|x86.ActiveCfg = Debug|Win32
		{B9BD70FB-6EF2-4A53-A69C-C4DE595802AD}.Debug|x86.Build.0 = Debug|Win32
		{B9BD70FB-6EF2-4A53-A69C-C4DE595802AD}.Release|x64.ActiveCfg = Release|x64
		{B9BD70FB-6EF2-4A53-A69C-C4DE595802AD}.Release|x64.Build.0 = Release|x64
		{B9BD70FB-6EF2-4A53-A69C-C4DE595802AD}.Release|x86.ActiveCfg = Release|Win32
		{B9BD70FB-6EF2-4A53-A69C-C4DE595802AD}.Release|x86.Build.0 = Release|Win32
		{9375AC7C-C712-4169-9CB7-8467479F0C14}.Debug|x64.ActiveCfg = Debug|x64
		{9375AC7C-C712-4169-9CB7-8467479F0C14}.Debug|x64.Build.0 = Debug|x64
		{9375AC7C-C712-4169-9CB7-8467479F0C14}.Debug|x86.ActiveCfg = Debug|Win32
		{9375AC7C-C712-4169-9CB7-8467479F0C14}.Debug|x86.Build.0 = Debug|Win32
		{9375AC7C-C712-4169-9CB7-8467479F0C14}.Release|x64.ActiveCfg = Release|x64
		{9375AC7C-C712-4169-9CB7-8467479F0C14}.Release|x64.Build.0 = Release|x64
		{9375AC7C-C712-4169-9CB7-8467479F0C14}.Release|x86.ActiveCfg = Release|Win32
		{9375AC7C-C712-4169-9CB7-8467479F0C14}.Release|x86.Build.0 = Release|Win32
		{66670816-D5D8-45E2-8911-3A839B5C7132}.Debug|x64.ActiveCfg = Debug|x64
		{66670816-D5D8-45E2-8911-3A839B5C7132}.Debug|x64.Build.0 = Debug|x64
		{66670816-D5D8-45E2-8911-3A839B5C7132}.Debug|x86.ActiveCfg = Debug|Win32
		{66670816-D5D8-45E2-8911-3A839B5C7132}.Debug|x86.Build.0 = Debug|Win32
		{66670816-D5D8-45E2-8911-3A839B5C7132}.Release|x64.ActiveCfg = Release|x64
		{66670816-D5D8-45E2-8911-3A839B5C7132}.Release|x64.Build.0 = Release|x64
		{66670816-D5D8-45E2-8911-3A839B5C7132}.Release|x86.ActiveCfg = Release|Win32
		{66670816-D5D8-45E2-8911-3A839B5C7132}.Release|x86.Build.0 = Release|Win32
		{63864118-1C60-4D13-89A0-F23D56FAD64E}.Debug|x64.ActiveCfg = Debug|x64
		{63864118-1C60-4D13-89A0-F23D56FAD64E}.Debug|x64.Build.0 = Debug|x64
		{63864118-1C60-4D13-89A0-F23D56FAD64E}.Debug|x86.ActiveCfg = Debug|Win32
		{63864118-1C60-4D13-89A0-F23D56FAD64E}.Debug|x86.Build.0 = Debug|Win32
		{63864118-1C60-4D13-89A0-F23D56FAD64E}.Release|x64.ActiveCfg = Release|x64
		{63864118-1C60-4D13-89A0-F23D56FAD64E}.Release|x64.Build.0 = Release|x64
		{63864118-1C60-4D13-89A0-F23D56FAD64E}.Release|x86.ActiveCfg = Release|Win32
		{63864118-1C60-4D13-89A0-F23D56FAD64E}.Release|x86.Build.0 = Release|Win32
		{EED0504C-DB31-49D2-B1D5-1B0536245CD2}.Debug|x64.ActiveCfg = Debug|x64
		{EED0504C-DB31-49D2-B1D5-1B0536245CD2}.Debug|x64.Build.0 = Debug|x64
		{EED0504C-DB31-49D2-B1D5-1B0536245CD2}.Debug|x86.ActiveCfg = Debug|Win32
		{EED0504C-DB31-49D2-B1D5-1B0536245CD2}.Debug|x86.Build.0 = Debug|Win32
		{EED0504C-DB31-49D2-B1D5-1B0536245CD2}.Release|x64.ActiveCfg = Release|x64
		{EED0504C-DB31-49D2-B1D5-1B0536245CD2}.Release|x64.Build.0 = Release|x64
		{EED0504C-DB31-49D2-B1D5-1B0536245CD2}.Release|x86.ActiveCfg = Release|Win32
		{EED0504C-DB31-49D2-B1D5-1B0536245CD2}.Release|x86.Build.0 = Release|Win32
	EndGlobalSection
	GlobalSection(SolutionProperties) = preSolution
		HideSolutionNode = FALSE
	EndGlobalSection
	GlobalSection(ExtensibilityGlobals) = postSolution
		SolutionGuid = {B065DAD4-8755-4B52-B7FC-56B624192EAE}
	EndGlobalSection
EndGlobal
