<?xml version="1.0" encoding="utf-8"?>
<Project ToolsVersion="4.0" xmlns="http://schemas.microsoft.com/developer/msbuild/2003">
  <ItemGroup>
    <Filter Include="소스 파일">
      <UniqueIdentifier>{4FC737F1-C7A5-4376-A066-2A32D752A2FF}</UniqueIdentifier>
      <Extensions>cpp;c;cc;cxx;c++;cppm;ixx;def;odl;idl;hpj;bat;asm;asmx</Extensions>
    </Filter>
    <Filter Include="헤더 파일">
      <UniqueIdentifier>{93995380-89BD-4b04-88EB-625FBE52EBFB}</UniqueIdentifier>
      <Extensions>h;hh;hpp;hxx;h++;hm;inl;inc;ipp;xsd</Extensions>
    </Filter>
    <Filter Include="리소스 파일">
      <UniqueIdentifier>{67DA6AB6-F800-4c08-8B7A-83BB121AAD01}</UniqueIdentifier>
      <Extensions>rc;ico;cur;bmp;dlg;rc2;rct;bin;rgs;gif;jpg;jpeg;jpe;resx;tiff;tif;png;wav;mfcribbon-ms</Extensions>
    </Filter>
  </ItemGroup>
  <ItemGroup>
    <ClCompile Include="C++ Basics\Basics2.cpp">
      <Filter>소스 파일</Filter>
    </ClCompile>
    <ClCompile Include="C++ Basics\Basics3.cpp">
      <Filter>소스 파일</Filter>
    </ClCompile>
    <ClCompile Include="C++ Basics\Basics1.cpp">
      <Filter>소스 파일</Filter>
    </ClCompile>
    <ClCompile Include="C++ Basics\Basics4_MyString.cpp">
      <Filter>소스 파일</Filter>
    </ClCompile>
    <ClCompile Include="C++ Basics\Basics6_explicit_mutable.cpp">
      <Filter>소스 파일</Filter>
    </ClCompile>
    <ClCompile Include="C++ Basics\Basics5_operator_overloading.cpp">
      <Filter>소스 파일</Filter>
    </ClCompile>
    <ClCompile Include="C++ Basics\MyString.cpp">
      <Filter>소스 파일</Filter>
    </ClCompile>
    <ClCompile Include="C++ Basics\Basics8_operator_overloading2.cpp">
      <Filter>소스 파일</Filter>
    </ClCompile>
    <ClCompile Include="C++ Basics\Basics7_casting.cpp">
      <Filter>소스 파일</Filter>
    </ClCompile>
    <ClCompile Include="C++ Basics\Basics10_derive.cpp">
      <Filter>소스 파일</Filter>
    </ClCompile>
    <ClCompile Include="C++ Basics\Basics9.cpp">
      <Filter>소스 파일</Filter>
    </ClCompile>
    <ClCompile Include="C++ Basics\Basics12_derive3.cpp">
      <Filter>소스 파일</Filter>
    </ClCompile>
    <ClCompile Include="C++ Basics\Basics11_derive2.cpp">
      <Filter>소스 파일</Filter>
    </ClCompile>
    <ClCompile Include="C++ Basics\Basics14_steams_if_of_string.cpp">
      <Filter>소스 파일</Filter>
    </ClCompile>
    <ClCompile Include="C++ Basics\Basics13_streams_basics.cpp">
      <Filter>소스 파일</Filter>
    </ClCompile>
    <ClCompile Include="Templates\TMP1.cpp">
      <Filter>소스 파일</Filter>
    </ClCompile>
    <ClCompile Include="Templates\TMP2.cpp">
      <Filter>소스 파일</Filter>
    </ClCompile>
    <ClCompile Include="Templates\Template1.cpp">
      <Filter>소스 파일</Filter>
    </ClCompile>
    <ClCompile Include="Templates\Template2.cpp">
      <Filter>소스 파일</Filter>
    </ClCompile>
    <ClCompile Include="STL\Associate_Containers.cpp">
      <Filter>소스 파일</Filter>
    </ClCompile>
    <ClCompile Include="STL\Sequence_Containers.cpp">
      <Filter>소스 파일</Filter>
    </ClCompile>
    <ClCompile Include="STL\Algorithms.cpp">
      <Filter>소스 파일</Filter>
    </ClCompile>
    <ClCompile Include="STL\String.cpp">
      <Filter>소스 파일</Filter>
    </ClCompile>
    <ClCompile Include="C++ Intermediate\rvalue_move_constructor.cpp">
      <Filter>소스 파일</Filter>
    </ClCompile>
    <ClCompile Include="C++ Intermediate\Exception.cpp">
      <Filter>소스 파일</Filter>
    </ClCompile>
    <ClCompile Include="C++ Intermediate\move_perfect_forwarding.cpp">
      <Filter>소스 파일</Filter>
    </ClCompile>
    <ClCompile Include="STL\Smart_Pointer_1.cpp">
      <Filter>소스 파일</Filter>
    </ClCompile>
    <ClCompile Include="STL\Smart_Pointer_2.cpp">
      <Filter>소스 파일</Filter>
    </ClCompile>
    <ClCompile Include="STL\functional.cpp">
      <Filter>소스 파일</Filter>
    </ClCompile>
    <ClCompile Include="C++ Intermediate\Uniform_init_Init_list.cpp">
      <Filter>소스 파일</Filter>
    </ClCompile>
    <ClCompile Include="C++ Intermediate\constexpr.cpp">
      <Filter>소스 파일</Filter>
    </ClCompile>
    <ClCompile Include="C++ Intermediate\decltype_declval_value_category.cpp">
      <Filter>소스 파일</Filter>
    </ClCompile>
    <ClCompile Include="C++ Intermediate\type_traits_SIFNAE.cpp">
      <Filter>소스 파일</Filter>
    </ClCompile>
    <ClCompile Include="Modern C++ Libaray\random_chrono.cpp">
      <Filter>소스 파일</Filter>
    </ClCompile>
    <ClCompile Include="Modern C++ Libaray\regex.cpp">
      <Filter>소스 파일</Filter>
    </ClCompile>
    <ClCompile Include="Modern C++ Libaray\optional_variant_tuple.cpp">
      <Filter>소스 파일</Filter>
    </ClCompile>
    <ClCompile Include="Modern C++ Libaray\filesystem.cpp">
      <Filter>소스 파일</Filter>
    </ClCompile>
  </ItemGroup>
  <ItemGroup>
    <ClInclude Include="C++ Basics\MyString.h">
      <Filter>헤더 파일</Filter>
    </ClInclude>
  </ItemGroup>
</Project>